
Microsoft Visual Studio Solution File, Format Version 9.00
# Visual Studio 2005
Project("{FAE04EC0-301F-11D3-BF4B-00C04F79EFBC}") = "mp2geojson", "mp2geojson.csproj", "{431E6CD5-1EF1-4C3A-9054-CFD137E4378F}"
EndProject
Global
	GlobalSection(SolutionConfigurationPlatforms) = preSolution
		Debug|Any CPU = Debug|Any CPU
		Release|Any CPU = Release|Any CPU
	EndGlobalSection
	GlobalSection(ProjectConfigurationPlatforms) = postSolution
		{431E6CD5-1EF1-4C3A-9054-CFD137E4378F}.Debug|Any CPU.ActiveCfg = Debug|Any CPU
		{431E6CD5-1EF1-4C3A-9054-CFD137E4378F}.Debug|Any CPU.Build.0 = Debug|Any CPU
		{431E6CD5-1EF1-4C3A-9054-CFD137E4378F}.Release|Any CPU.ActiveCfg = Release|Any CPU
		{431E6CD5-1EF1-4C3A-9054-CFD137E4378F}.Release|Any CPU.Build.0 = Release|Any CPU
	EndGlobalSection
	GlobalSection(SolutionProperties) = preSolution
		HideSolutionNode = FALSE
	EndGlobalSection
EndGlobal
